// !$*UTF8*$!
{
	archiveVersion = 1;
	classes = {
	};
	objectVersion = 46;
	objects = {

/* Begin PBXBuildFile section */
		3E59F22B186F038400AEFD6F /* simpleMenuButton.png in Resources */ = {isa = PBXBuildFile; fileRef = 3E59F229186F038400AEFD6F /* simpleMenuButton.png */; };
		3E59F22C186F038400AEFD6F /* simpleMenuButton@2x.png in Resources */ = {isa = PBXBuildFile; fileRef = 3E59F22A186F038400AEFD6F /* simpleMenuButton@2x.png */; };
		3E9BC24C186C15B6002B1FE3 /* icon-menu.png in Resources */ = {isa = PBXBuildFile; fileRef = 3E9BC24A186C15B6002B1FE3 /* icon-menu.png */; };
		3E9BC24D186C15B6002B1FE3 /* icon-menu@2x.png in Resources */ = {isa = PBXBuildFile; fileRef = 3E9BC24B186C15B6002B1FE3 /* icon-menu@2x.png */; };
		3E9BC255186C2992002B1FE3 /* Main~iPad.storyboard in Resources */ = {isa = PBXBuildFile; fileRef = 3E9BC254186C2992002B1FE3 /* Main~iPad.storyboard */; };
		3E9C29921869CAD700E7F5E5 /* Foundation.framework in Frameworks */ = {isa = PBXBuildFile; fileRef = 3E9C29911869CAD700E7F5E5 /* Foundation.framework */; };
		3E9C29941869CAD700E7F5E5 /* CoreGraphics.framework in Frameworks */ = {isa = PBXBuildFile; fileRef = 3E9C29931869CAD700E7F5E5 /* CoreGraphics.framework */; };
		3E9C29961869CAD700E7F5E5 /* UIKit.framework in Frameworks */ = {isa = PBXBuildFile; fileRef = 3E9C29951869CAD700E7F5E5 /* UIKit.framework */; };
		3E9C299C1869CAD700E7F5E5 /* InfoPlist.strings in Resources */ = {isa = PBXBuildFile; fileRef = 3E9C299A1869CAD700E7F5E5 /* InfoPlist.strings */; };
		3E9C299E1869CAD700E7F5E5 /* main.m in Sources */ = {isa = PBXBuildFile; fileRef = 3E9C299D1869CAD700E7F5E5 /* main.m */; };
		3E9C29A21869CAD700E7F5E5 /* AppDelegate.m in Sources */ = {isa = PBXBuildFile; fileRef = 3E9C29A11869CAD700E7F5E5 /* AppDelegate.m */; };
		3E9C29A51869CAD700E7F5E5 /* Main.storyboard in Resources */ = {isa = PBXBuildFile; fileRef = 3E9C29A31869CAD700E7F5E5 /* Main.storyboard */; };
		3E9C29AA1869CAD700E7F5E5 /* Images.xcassets in Resources */ = {isa = PBXBuildFile; fileRef = 3E9C29A91869CAD700E7F5E5 /* Images.xcassets */; };
		3E9C29B11869CAD700E7F5E5 /* XCTest.framework in Frameworks */ = {isa = PBXBuildFile; fileRef = 3E9C29B01869CAD700E7F5E5 /* XCTest.framework */; };
		3E9C29B21869CAD700E7F5E5 /* Foundation.framework in Frameworks */ = {isa = PBXBuildFile; fileRef = 3E9C29911869CAD700E7F5E5 /* Foundation.framework */; };
		3E9C29B31869CAD700E7F5E5 /* UIKit.framework in Frameworks */ = {isa = PBXBuildFile; fileRef = 3E9C29951869CAD700E7F5E5 /* UIKit.framework */; };
		3E9C29BB1869CAD700E7F5E5 /* InfoPlist.strings in Resources */ = {isa = PBXBuildFile; fileRef = 3E9C29B91869CAD700E7F5E5 /* InfoPlist.strings */; };
		3E9C29BD1869CAD700E7F5E5 /* AMSlideMenuTests.m in Sources */ = {isa = PBXBuildFile; fileRef = 3E9C29BC1869CAD700E7F5E5 /* AMSlideMenuTests.m */; };
		3E9C29DB1869CE0E00E7F5E5 /* MainVC.m in Sources */ = {isa = PBXBuildFile; fileRef = 3E9C29DA1869CE0E00E7F5E5 /* MainVC.m */; };
		3E9C29E01869CE4300E7F5E5 /* LeftMenuVC.m in Sources */ = {isa = PBXBuildFile; fileRef = 3E9C29DF1869CE4300E7F5E5 /* LeftMenuVC.m */; };
		3E9C29E61869CE8200E7F5E5 /* RightMenuVC.m in Sources */ = {isa = PBXBuildFile; fileRef = 3E9C29E51869CE8200E7F5E5 /* RightMenuVC.m */; };
		3EAAF2F11896880800C2F701 /* Slide1VC.m in Sources */ = {isa = PBXBuildFile; fileRef = 3EAAF2F01896880800C2F701 /* Slide1VC.m */; };
		3EAAF311189689CF00C2F701 /* UIColor+CreateMethods.m in Sources */ = {isa = PBXBuildFile; fileRef = 3EAAF305189689CF00C2F701 /* UIColor+CreateMethods.m */; };
		3EE3E69A186B1F6100427ECF /* PushedVC.m in Sources */ = {isa = PBXBuildFile; fileRef = 3EE3E699186B1F6100427ECF /* PushedVC.m */; };
		3EE3E69D186B2F9300427ECF /* icon.png in Resources */ = {isa = PBXBuildFile; fileRef = 3EE3E69B186B2F9300427ECF /* icon.png */; };
		3EE3E69E186B2F9300427ECF /* icon@2x.png in Resources */ = {isa = PBXBuildFile; fileRef = 3EE3E69C186B2F9300427ECF /* icon@2x.png */; };
		756D31D918B2A069008E846B /* AMSlideMenuContentSegue.m in Sources */ = {isa = PBXBuildFile; fileRef = 756D31CB18B2A069008E846B /* AMSlideMenuContentSegue.m */; };
		756D31DA18B2A069008E846B /* AMSlideMenuLeftMenuSegue.m in Sources */ = {isa = PBXBuildFile; fileRef = 756D31CD18B2A069008E846B /* AMSlideMenuLeftMenuSegue.m */; };
		756D31DB18B2A069008E846B /* AMSlideMenuLeftTableViewController.m in Sources */ = {isa = PBXBuildFile; fileRef = 756D31CF18B2A069008E846B /* AMSlideMenuLeftTableViewController.m */; };
		756D31DC18B2A069008E846B /* AMSlideMenuMainViewController.m in Sources */ = {isa = PBXBuildFile; fileRef = 756D31D118B2A069008E846B /* AMSlideMenuMainViewController.m */; };
		756D31DD18B2A069008E846B /* AMSlideMenuRightMenuSegue.m in Sources */ = {isa = PBXBuildFile; fileRef = 756D31D418B2A069008E846B /* AMSlideMenuRightMenuSegue.m */; };
		756D31DE18B2A069008E846B /* AMSlideMenuRightTableViewController.m in Sources */ = {isa = PBXBuildFile; fileRef = 756D31D618B2A069008E846B /* AMSlideMenuRightTableViewController.m */; };
		756D31DF18B2A069008E846B /* UIViewController+AMSlideMenu.m in Sources */ = {isa = PBXBuildFile; fileRef = 756D31D818B2A069008E846B /* UIViewController+AMSlideMenu.m */; };
/* End PBXBuildFile section */

/* Begin PBXContainerItemProxy section */
		3E9C29B41869CAD700E7F5E5 /* PBXContainerItemProxy */ = {
			isa = PBXContainerItemProxy;
			containerPortal = 3E9C29861869CAD700E7F5E5 /* Project object */;
			proxyType = 1;
			remoteGlobalIDString = 3E9C298D1869CAD700E7F5E5;
			remoteInfo = AMSlideMenu;
		};
/* End PBXContainerItemProxy section */

/* Begin PBXFileReference section */
		3E59F229186F038400AEFD6F /* simpleMenuButton.png */ = {isa = PBXFileReference; lastKnownFileType = image.png; path = simpleMenuButton.png; sourceTree = "<group>"; };
		3E59F22A186F038400AEFD6F /* simpleMenuButton@2x.png */ = {isa = PBXFileReference; lastKnownFileType = image.png; path = "simpleMenuButton@2x.png"; sourceTree = "<group>"; };
		3E9BC24A186C15B6002B1FE3 /* icon-menu.png */ = {isa = PBXFileReference; lastKnownFileType = image.png; path = "icon-menu.png"; sourceTree = "<group>"; };
		3E9BC24B186C15B6002B1FE3 /* icon-menu@2x.png */ = {isa = PBXFileReference; lastKnownFileType = image.png; path = "icon-menu@2x.png"; sourceTree = "<group>"; };
		3E9BC254186C2992002B1FE3 /* Main~iPad.storyboard */ = {isa = PBXFileReference; fileEncoding = 4; lastKnownFileType = file.storyboard; path = "Main~iPad.storyboard"; sourceTree = "<group>"; };
		3E9C298E1869CAD700E7F5E5 /* AMSlideMenu.app */ = {isa = PBXFileReference; explicitFileType = wrapper.application; includeInIndex = 0; path = AMSlideMenu.app; sourceTree = BUILT_PRODUCTS_DIR; };
		3E9C29911869CAD700E7F5E5 /* Foundation.framework */ = {isa = PBXFileReference; lastKnownFileType = wrapper.framework; name = Foundation.framework; path = System/Library/Frameworks/Foundation.framework; sourceTree = SDKROOT; };
		3E9C29931869CAD700E7F5E5 /* CoreGraphics.framework */ = {isa = PBXFileReference; lastKnownFileType = wrapper.framework; name = CoreGraphics.framework; path = System/Library/Frameworks/CoreGraphics.framework; sourceTree = SDKROOT; };
		3E9C29951869CAD700E7F5E5 /* UIKit.framework */ = {isa = PBXFileReference; lastKnownFileType = wrapper.framework; name = UIKit.framework; path = System/Library/Frameworks/UIKit.framework; sourceTree = SDKROOT; };
		3E9C29991869CAD700E7F5E5 /* AMSlideMenu-Info.plist */ = {isa = PBXFileReference; lastKnownFileType = text.plist.xml; path = "AMSlideMenu-Info.plist"; sourceTree = "<group>"; };
		3E9C299B1869CAD700E7F5E5 /* en */ = {isa = PBXFileReference; lastKnownFileType = text.plist.strings; name = en; path = en.lproj/InfoPlist.strings; sourceTree = "<group>"; };
		3E9C299D1869CAD700E7F5E5 /* main.m */ = {isa = PBXFileReference; lastKnownFileType = sourcecode.c.objc; path = main.m; sourceTree = "<group>"; };
		3E9C299F1869CAD700E7F5E5 /* AMSlideMenu-Prefix.pch */ = {isa = PBXFileReference; lastKnownFileType = sourcecode.c.h; path = "AMSlideMenu-Prefix.pch"; sourceTree = "<group>"; };
		3E9C29A01869CAD700E7F5E5 /* AppDelegate.h */ = {isa = PBXFileReference; lastKnownFileType = sourcecode.c.h; path = AppDelegate.h; sourceTree = "<group>"; };
		3E9C29A11869CAD700E7F5E5 /* AppDelegate.m */ = {isa = PBXFileReference; lastKnownFileType = sourcecode.c.objc; path = AppDelegate.m; sourceTree = "<group>"; };
		3E9C29A41869CAD700E7F5E5 /* Base */ = {isa = PBXFileReference; lastKnownFileType = file.storyboard; name = Base; path = Base.lproj/Main.storyboard; sourceTree = "<group>"; };
		3E9C29A91869CAD700E7F5E5 /* Images.xcassets */ = {isa = PBXFileReference; lastKnownFileType = folder.assetcatalog; path = Images.xcassets; sourceTree = "<group>"; };
		3E9C29AF1869CAD700E7F5E5 /* AMSlideMenuTests.xctest */ = {isa = PBXFileReference; explicitFileType = wrapper.cfbundle; includeInIndex = 0; path = AMSlideMenuTests.xctest; sourceTree = BUILT_PRODUCTS_DIR; };
		3E9C29B01869CAD700E7F5E5 /* XCTest.framework */ = {isa = PBXFileReference; lastKnownFileType = wrapper.framework; name = XCTest.framework; path = Library/Frameworks/XCTest.framework; sourceTree = DEVELOPER_DIR; };
		3E9C29B81869CAD700E7F5E5 /* AMSlideMenuTests-Info.plist */ = {isa = PBXFileReference; lastKnownFileType = text.plist.xml; path = "AMSlideMenuTests-Info.plist"; sourceTree = "<group>"; };
		3E9C29BA1869CAD700E7F5E5 /* en */ = {isa = PBXFileReference; lastKnownFileType = text.plist.strings; name = en; path = en.lproj/InfoPlist.strings; sourceTree = "<group>"; };
		3E9C29BC1869CAD700E7F5E5 /* AMSlideMenuTests.m */ = {isa = PBXFileReference; lastKnownFileType = sourcecode.c.objc; path = AMSlideMenuTests.m; sourceTree = "<group>"; };
		3E9C29D91869CE0E00E7F5E5 /* MainVC.h */ = {isa = PBXFileReference; fileEncoding = 4; lastKnownFileType = sourcecode.c.h; path = MainVC.h; sourceTree = "<group>"; };
		3E9C29DA1869CE0E00E7F5E5 /* MainVC.m */ = {isa = PBXFileReference; fileEncoding = 4; lastKnownFileType = sourcecode.c.objc; path = MainVC.m; sourceTree = "<group>"; };
		3E9C29DE1869CE4300E7F5E5 /* LeftMenuVC.h */ = {isa = PBXFileReference; fileEncoding = 4; lastKnownFileType = sourcecode.c.h; path = LeftMenuVC.h; sourceTree = "<group>"; };
		3E9C29DF1869CE4300E7F5E5 /* LeftMenuVC.m */ = {isa = PBXFileReference; fileEncoding = 4; lastKnownFileType = sourcecode.c.objc; path = LeftMenuVC.m; sourceTree = "<group>"; };
		3E9C29E41869CE8200E7F5E5 /* RightMenuVC.h */ = {isa = PBXFileReference; fileEncoding = 4; lastKnownFileType = sourcecode.c.h; path = RightMenuVC.h; sourceTree = "<group>"; };
		3E9C29E51869CE8200E7F5E5 /* RightMenuVC.m */ = {isa = PBXFileReference; fileEncoding = 4; lastKnownFileType = sourcecode.c.objc; path = RightMenuVC.m; sourceTree = "<group>"; };
		3EAAF2EF1896880800C2F701 /* Slide1VC.h */ = {isa = PBXFileReference; fileEncoding = 4; lastKnownFileType = sourcecode.c.h; path = Slide1VC.h; sourceTree = "<group>"; };
		3EAAF2F01896880800C2F701 /* Slide1VC.m */ = {isa = PBXFileReference; fileEncoding = 4; lastKnownFileType = sourcecode.c.objc; path = Slide1VC.m; sourceTree = "<group>"; };
		3EAAF304189689CF00C2F701 /* UIColor+CreateMethods.h */ = {isa = PBXFileReference; fileEncoding = 4; lastKnownFileType = sourcecode.c.h; path = "UIColor+CreateMethods.h"; sourceTree = "<group>"; };
		3EAAF305189689CF00C2F701 /* UIColor+CreateMethods.m */ = {isa = PBXFileReference; fileEncoding = 4; lastKnownFileType = sourcecode.c.objc; path = "UIColor+CreateMethods.m"; sourceTree = "<group>"; };
		3EE3E698186B1F6100427ECF /* PushedVC.h */ = {isa = PBXFileReference; fileEncoding = 4; lastKnownFileType = sourcecode.c.h; path = PushedVC.h; sourceTree = "<group>"; };
		3EE3E699186B1F6100427ECF /* PushedVC.m */ = {isa = PBXFileReference; fileEncoding = 4; lastKnownFileType = sourcecode.c.objc; path = PushedVC.m; sourceTree = "<group>"; };
		3EE3E69B186B2F9300427ECF /* icon.png */ = {isa = PBXFileReference; lastKnownFileType = image.png; path = icon.png; sourceTree = "<group>"; };
		3EE3E69C186B2F9300427ECF /* icon@2x.png */ = {isa = PBXFileReference; lastKnownFileType = image.png; path = "icon@2x.png"; sourceTree = "<group>"; };
		756D31CA18B2A069008E846B /* AMSlideMenuContentSegue.h */ = {isa = PBXFileReference; fileEncoding = 4; lastKnownFileType = sourcecode.c.h; path = AMSlideMenuContentSegue.h; sourceTree = "<group>"; };
		756D31CB18B2A069008E846B /* AMSlideMenuContentSegue.m */ = {isa = PBXFileReference; fileEncoding = 4; lastKnownFileType = sourcecode.c.objc; path = AMSlideMenuContentSegue.m; sourceTree = "<group>"; };
		756D31CC18B2A069008E846B /* AMSlideMenuLeftMenuSegue.h */ = {isa = PBXFileReference; fileEncoding = 4; lastKnownFileType = sourcecode.c.h; path = AMSlideMenuLeftMenuSegue.h; sourceTree = "<group>"; };
		756D31CD18B2A069008E846B /* AMSlideMenuLeftMenuSegue.m */ = {isa = PBXFileReference; fileEncoding = 4; lastKnownFileType = sourcecode.c.objc; path = AMSlideMenuLeftMenuSegue.m; sourceTree = "<group>"; };
		756D31CE18B2A069008E846B /* AMSlideMenuLeftTableViewController.h */ = {isa = PBXFileReference; fileEncoding = 4; lastKnownFileType = sourcecode.c.h; path = AMSlideMenuLeftTableViewController.h; sourceTree = "<group>"; };
		756D31CF18B2A069008E846B /* AMSlideMenuLeftTableViewController.m */ = {isa = PBXFileReference; fileEncoding = 4; lastKnownFileType = sourcecode.c.objc; path = AMSlideMenuLeftTableViewController.m; sourceTree = "<group>"; };
		756D31D018B2A069008E846B /* AMSlideMenuMainViewController.h */ = {isa = PBXFileReference; fileEncoding = 4; lastKnownFileType = sourcecode.c.h; path = AMSlideMenuMainViewController.h; sourceTree = "<group>"; };
		756D31D118B2A069008E846B /* AMSlideMenuMainViewController.m */ = {isa = PBXFileReference; fileEncoding = 4; lastKnownFileType = sourcecode.c.objc; path = AMSlideMenuMainViewController.m; sourceTree = "<group>"; };
		756D31D218B2A069008E846B /* AMSlideMenuProtocols.h */ = {isa = PBXFileReference; fileEncoding = 4; lastKnownFileType = sourcecode.c.h; path = AMSlideMenuProtocols.h; sourceTree = "<group>"; };
		756D31D318B2A069008E846B /* AMSlideMenuRightMenuSegue.h */ = {isa = PBXFileReference; fileEncoding = 4; lastKnownFileType = sourcecode.c.h; path = AMSlideMenuRightMenuSegue.h; sourceTree = "<group>"; };
		756D31D418B2A069008E846B /* AMSlideMenuRightMenuSegue.m */ = {isa = PBXFileReference; fileEncoding = 4; lastKnownFileType = sourcecode.c.objc; path = AMSlideMenuRightMenuSegue.m; sourceTree = "<group>"; };
		756D31D518B2A069008E846B /* AMSlideMenuRightTableViewController.h */ = {isa = PBXFileReference; fileEncoding = 4; lastKnownFileType = sourcecode.c.h; path = AMSlideMenuRightTableViewController.h; sourceTree = "<group>"; };
		756D31D618B2A069008E846B /* AMSlideMenuRightTableViewController.m */ = {isa = PBXFileReference; fileEncoding = 4; lastKnownFileType = sourcecode.c.objc; path = AMSlideMenuRightTableViewController.m; sourceTree = "<group>"; };
		756D31D718B2A069008E846B /* UIViewController+AMSlideMenu.h */ = {isa = PBXFileReference; fileEncoding = 4; lastKnownFileType = sourcecode.c.h; path = "UIViewController+AMSlideMenu.h"; sourceTree = "<group>"; };
		756D31D818B2A069008E846B /* UIViewController+AMSlideMenu.m */ = {isa = PBXFileReference; fileEncoding = 4; lastKnownFileType = sourcecode.c.objc; path = "UIViewController+AMSlideMenu.m"; sourceTree = "<group>"; };
/* End PBXFileReference section */

/* Begin PBXFrameworksBuildPhase section */
		3E9C298B1869CAD700E7F5E5 /* Frameworks */ = {
			isa = PBXFrameworksBuildPhase;
			buildActionMask = 2147483647;
			files = (
				3E9C29941869CAD700E7F5E5 /* CoreGraphics.framework in Frameworks */,
				3E9C29961869CAD700E7F5E5 /* UIKit.framework in Frameworks */,
				3E9C29921869CAD700E7F5E5 /* Foundation.framework in Frameworks */,
			);
			runOnlyForDeploymentPostprocessing = 0;
		};
		3E9C29AC1869CAD700E7F5E5 /* Frameworks */ = {
			isa = PBXFrameworksBuildPhase;
			buildActionMask = 2147483647;
			files = (
				3E9C29B11869CAD700E7F5E5 /* XCTest.framework in Frameworks */,
				3E9C29B31869CAD700E7F5E5 /* UIKit.framework in Frameworks */,
				3E9C29B21869CAD700E7F5E5 /* Foundation.framework in Frameworks */,
			);
			runOnlyForDeploymentPostprocessing = 0;
		};
/* End PBXFrameworksBuildPhase section */

/* Begin PBXGroup section */
		3E9C29851869CAD700E7F5E5 = {
			isa = PBXGroup;
			children = (
				3E9C29971869CAD700E7F5E5 /* AMSlideMenu */,
				3E9C29B61869CAD700E7F5E5 /* AMSlideMenuTests */,
				3E9C29901869CAD700E7F5E5 /* Frameworks */,
				3E9C298F1869CAD700E7F5E5 /* Products */,
			);
			sourceTree = "<group>";
		};
		3E9C298F1869CAD700E7F5E5 /* Products */ = {
			isa = PBXGroup;
			children = (
				3E9C298E1869CAD700E7F5E5 /* AMSlideMenu.app */,
				3E9C29AF1869CAD700E7F5E5 /* AMSlideMenuTests.xctest */,
			);
			name = Products;
			sourceTree = "<group>";
		};
		3E9C29901869CAD700E7F5E5 /* Frameworks */ = {
			isa = PBXGroup;
			children = (
				3E9C29911869CAD700E7F5E5 /* Foundation.framework */,
				3E9C29931869CAD700E7F5E5 /* CoreGraphics.framework */,
				3E9C29951869CAD700E7F5E5 /* UIKit.framework */,
				3E9C29B01869CAD700E7F5E5 /* XCTest.framework */,
			);
			name = Frameworks;
			sourceTree = "<group>";
		};
		3E9C29971869CAD700E7F5E5 /* AMSlideMenu */ = {
			isa = PBXGroup;
			children = (
				756D31C918B2A069008E846B /* AMSlideMenu */,
				3E9C29DD1869CE2300E7F5E5 /* View Controllers */,
				3E9C29A01869CAD700E7F5E5 /* AppDelegate.h */,
				3E9C29A11869CAD700E7F5E5 /* AppDelegate.m */,
				3E9C29A31869CAD700E7F5E5 /* Main.storyboard */,
				3E9BC254186C2992002B1FE3 /* Main~iPad.storyboard */,
				3E9C29A91869CAD700E7F5E5 /* Images.xcassets */,
				3E9C29981869CAD700E7F5E5 /* Supporting Files */,
			);
			path = AMSlideMenu;
			sourceTree = "<group>";
		};
		3E9C29981869CAD700E7F5E5 /* Supporting Files */ = {
			isa = PBXGroup;
			children = (
				3E59F229186F038400AEFD6F /* simpleMenuButton.png */,
				3E59F22A186F038400AEFD6F /* simpleMenuButton@2x.png */,
				3E9BC24A186C15B6002B1FE3 /* icon-menu.png */,
				3E9BC24B186C15B6002B1FE3 /* icon-menu@2x.png */,
				3EE3E69B186B2F9300427ECF /* icon.png */,
				3EE3E69C186B2F9300427ECF /* icon@2x.png */,
				3E9C29991869CAD700E7F5E5 /* AMSlideMenu-Info.plist */,
				3E9C299A1869CAD700E7F5E5 /* InfoPlist.strings */,
				3E9C299D1869CAD700E7F5E5 /* main.m */,
				3E9C299F1869CAD700E7F5E5 /* AMSlideMenu-Prefix.pch */,
			);
			name = "Supporting Files";
			sourceTree = "<group>";
		};
		3E9C29B61869CAD700E7F5E5 /* AMSlideMenuTests */ = {
			isa = PBXGroup;
			children = (
				3E9C29BC1869CAD700E7F5E5 /* AMSlideMenuTests.m */,
				3E9C29B71869CAD700E7F5E5 /* Supporting Files */,
			);
			path = AMSlideMenuTests;
			sourceTree = "<group>";
		};
		3E9C29B71869CAD700E7F5E5 /* Supporting Files */ = {
			isa = PBXGroup;
			children = (
				3E9C29B81869CAD700E7F5E5 /* AMSlideMenuTests-Info.plist */,
				3E9C29B91869CAD700E7F5E5 /* InfoPlist.strings */,
			);
			name = "Supporting Files";
			sourceTree = "<group>";
		};
		3E9C29DD1869CE2300E7F5E5 /* View Controllers */ = {
			isa = PBXGroup;
			children = (
				3EAAF2F2189689CF00C2F701 /* Categories */,
				3E9C29D91869CE0E00E7F5E5 /* MainVC.h */,
				3E9C29DA1869CE0E00E7F5E5 /* MainVC.m */,
				3E9C29DE1869CE4300E7F5E5 /* LeftMenuVC.h */,
				3E9C29DF1869CE4300E7F5E5 /* LeftMenuVC.m */,
				3E9C29E41869CE8200E7F5E5 /* RightMenuVC.h */,
				3E9C29E51869CE8200E7F5E5 /* RightMenuVC.m */,
				3EE3E698186B1F6100427ECF /* PushedVC.h */,
				3EE3E699186B1F6100427ECF /* PushedVC.m */,
				3EAAF2EF1896880800C2F701 /* Slide1VC.h */,
				3EAAF2F01896880800C2F701 /* Slide1VC.m */,
			);
			name = "View Controllers";
			sourceTree = "<group>";
		};
		3EAAF2F2189689CF00C2F701 /* Categories */ = {
			isa = PBXGroup;
			children = (
				3EAAF304189689CF00C2F701 /* UIColor+CreateMethods.h */,
				3EAAF305189689CF00C2F701 /* UIColor+CreateMethods.m */,
			);
			path = Categories;
			sourceTree = "<group>";
		};
		756D31C918B2A069008E846B /* AMSlideMenu */ = {
			isa = PBXGroup;
			children = (
				756D31CA18B2A069008E846B /* AMSlideMenuContentSegue.h */,
				756D31CB18B2A069008E846B /* AMSlideMenuContentSegue.m */,
				756D31CC18B2A069008E846B /* AMSlideMenuLeftMenuSegue.h */,
				756D31CD18B2A069008E846B /* AMSlideMenuLeftMenuSegue.m */,
				756D31CE18B2A069008E846B /* AMSlideMenuLeftTableViewController.h */,
				756D31CF18B2A069008E846B /* AMSlideMenuLeftTableViewController.m */,
				756D31D018B2A069008E846B /* AMSlideMenuMainViewController.h */,
				756D31D118B2A069008E846B /* AMSlideMenuMainViewController.m */,
				756D31D218B2A069008E846B /* AMSlideMenuProtocols.h */,
				756D31D318B2A069008E846B /* AMSlideMenuRightMenuSegue.h */,
				756D31D418B2A069008E846B /* AMSlideMenuRightMenuSegue.m */,
				756D31D518B2A069008E846B /* AMSlideMenuRightTableViewController.h */,
				756D31D618B2A069008E846B /* AMSlideMenuRightTableViewController.m */,
				756D31D718B2A069008E846B /* UIViewController+AMSlideMenu.h */,
				756D31D818B2A069008E846B /* UIViewController+AMSlideMenu.m */,
			);
			name = AMSlideMenu;
			path = ../../AMSlideMenu;
			sourceTree = "<group>";
		};
/* End PBXGroup section */

/* Begin PBXNativeTarget section */
		3E9C298D1869CAD700E7F5E5 /* AMSlideMenu */ = {
			isa = PBXNativeTarget;
			buildConfigurationList = 3E9C29C01869CAD700E7F5E5 /* Build configuration list for PBXNativeTarget "AMSlideMenu" */;
			buildPhases = (
				3E9C298A1869CAD700E7F5E5 /* Sources */,
				3E9C298B1869CAD700E7F5E5 /* Frameworks */,
				3E9C298C1869CAD700E7F5E5 /* Resources */,
			);
			buildRules = (
			);
			dependencies = (
			);
			name = AMSlideMenu;
			productName = AMSlideMenu;
			productReference = 3E9C298E1869CAD700E7F5E5 /* AMSlideMenu.app */;
			productType = "com.apple.product-type.application";
		};
		3E9C29AE1869CAD700E7F5E5 /* AMSlideMenuTests */ = {
			isa = PBXNativeTarget;
			buildConfigurationList = 3E9C29C31869CAD700E7F5E5 /* Build configuration list for PBXNativeTarget "AMSlideMenuTests" */;
			buildPhases = (
				3E9C29AB1869CAD700E7F5E5 /* Sources */,
				3E9C29AC1869CAD700E7F5E5 /* Frameworks */,
				3E9C29AD1869CAD700E7F5E5 /* Resources */,
			);
			buildRules = (
			);
			dependencies = (
				3E9C29B51869CAD700E7F5E5 /* PBXTargetDependency */,
			);
			name = AMSlideMenuTests;
			productName = AMSlideMenuTests;
			productReference = 3E9C29AF1869CAD700E7F5E5 /* AMSlideMenuTests.xctest */;
			productType = "com.apple.product-type.bundle.unit-test";
		};
/* End PBXNativeTarget section */

/* Begin PBXProject section */
		3E9C29861869CAD700E7F5E5 /* Project object */ = {
			isa = PBXProject;
			attributes = {
				LastUpgradeCheck = 0510;
				ORGANIZATIONNAME = "Artur Mkrtchyan";
				TargetAttributes = {
					3E9C29AE1869CAD700E7F5E5 = {
						TestTargetID = 3E9C298D1869CAD700E7F5E5;
					};
				};
			};
			buildConfigurationList = 3E9C29891869CAD700E7F5E5 /* Build configuration list for PBXProject "AMSlideMenu" */;
			compatibilityVersion = "Xcode 3.2";
			developmentRegion = English;
			hasScannedForEncodings = 0;
			knownRegions = (
				en,
				Base,
			);
			mainGroup = 3E9C29851869CAD700E7F5E5;
			productRefGroup = 3E9C298F1869CAD700E7F5E5 /* Products */;
			projectDirPath = "";
			projectRoot = "";
			targets = (
				3E9C298D1869CAD700E7F5E5 /* AMSlideMenu */,
				3E9C29AE1869CAD700E7F5E5 /* AMSlideMenuTests */,
			);
		};
/* End PBXProject section */

/* Begin PBXResourcesBuildPhase section */
		3E9C298C1869CAD700E7F5E5 /* Resources */ = {
			isa = PBXResourcesBuildPhase;
			buildActionMask = 2147483647;
			files = (
				3EE3E69E186B2F9300427ECF /* icon@2x.png in Resources */,
				3E9C29AA1869CAD700E7F5E5 /* Images.xcassets in Resources */,
				3EE3E69D186B2F9300427ECF /* icon.png in Resources */,
				3E9BC24D186C15B6002B1FE3 /* icon-menu@2x.png in Resources */,
				3E9BC255186C2992002B1FE3 /* Main~iPad.storyboard in Resources */,
				3E59F22B186F038400AEFD6F /* simpleMenuButton.png in Resources */,
				3E9BC24C186C15B6002B1FE3 /* icon-menu.png in Resources */,
				3E59F22C186F038400AEFD6F /* simpleMenuButton@2x.png in Resources */,
				3E9C299C1869CAD700E7F5E5 /* InfoPlist.strings in Resources */,
				3E9C29A51869CAD700E7F5E5 /* Main.storyboard in Resources */,
			);
			runOnlyForDeploymentPostprocessing = 0;
		};
		3E9C29AD1869CAD700E7F5E5 /* Resources */ = {
			isa = PBXResourcesBuildPhase;
			buildActionMask = 2147483647;
			files = (
				3E9C29BB1869CAD700E7F5E5 /* InfoPlist.strings in Resources */,
			);
			runOnlyForDeploymentPostprocessing = 0;
		};
/* End PBXResourcesBuildPhase section */

/* Begin PBXSourcesBuildPhase section */
		3E9C298A1869CAD700E7F5E5 /* Sources */ = {
			isa = PBXSourcesBuildPhase;
			buildActionMask = 2147483647;
			files = (
				756D31DA18B2A069008E846B /* AMSlideMenuLeftMenuSegue.m in Sources */,
				3EAAF2F11896880800C2F701 /* Slide1VC.m in Sources */,
				3EAAF311189689CF00C2F701 /* UIColor+CreateMethods.m in Sources */,
				756D31DF18B2A069008E846B /* UIViewController+AMSlideMenu.m in Sources */,
				3E9C29A21869CAD700E7F5E5 /* AppDelegate.m in Sources */,
				756D31D918B2A069008E846B /* AMSlideMenuContentSegue.m in Sources */,
				756D31DD18B2A069008E846B /* AMSlideMenuRightMenuSegue.m in Sources */,
				3E9C29DB1869CE0E00E7F5E5 /* MainVC.m in Sources */,
				3E9C29E01869CE4300E7F5E5 /* LeftMenuVC.m in Sources */,
				756D31DB18B2A069008E846B /* AMSlideMenuLeftTableViewController.m in Sources */,
				3EE3E69A186B1F6100427ECF /* PushedVC.m in Sources */,
				3E9C29E61869CE8200E7F5E5 /* RightMenuVC.m in Sources */,
				756D31DE18B2A069008E846B /* AMSlideMenuRightTableViewController.m in Sources */,
				756D31DC18B2A069008E846B /* AMSlideMenuMainViewController.m in Sources */,
				3E9C299E1869CAD700E7F5E5 /* main.m in Sources */,
			);
			runOnlyForDeploymentPostprocessing = 0;
		};
		3E9C29AB1869CAD700E7F5E5 /* Sources */ = {
			isa = PBXSourcesBuildPhase;
			buildActionMask = 2147483647;
			files = (
				3E9C29BD1869CAD700E7F5E5 /* AMSlideMenuTests.m in Sources */,
			);
			runOnlyForDeploymentPostprocessing = 0;
		};
/* End PBXSourcesBuildPhase section */

/* Begin PBXTargetDependency section */
		3E9C29B51869CAD700E7F5E5 /* PBXTargetDependency */ = {
			isa = PBXTargetDependency;
			target = 3E9C298D1869CAD700E7F5E5 /* AMSlideMenu */;
			targetProxy = 3E9C29B41869CAD700E7F5E5 /* PBXContainerItemProxy */;
		};
/* End PBXTargetDependency section */

/* Begin PBXVariantGroup section */
		3E9C299A1869CAD700E7F5E5 /* InfoPlist.strings */ = {
			isa = PBXVariantGroup;
			children = (
				3E9C299B1869CAD700E7F5E5 /* en */,
			);
			name = InfoPlist.strings;
			sourceTree = "<group>";
		};
		3E9C29A31869CAD700E7F5E5 /* Main.storyboard */ = {
			isa = PBXVariantGroup;
			children = (
				3E9C29A41869CAD700E7F5E5 /* Base */,
			);
			name = Main.storyboard;
			sourceTree = "<group>";
		};
		3E9C29B91869CAD700E7F5E5 /* InfoPlist.strings */ = {
			isa = PBXVariantGroup;
			children = (
				3E9C29BA1869CAD700E7F5E5 /* en */,
			);
			name = InfoPlist.strings;
			sourceTree = "<group>";
		};
/* End PBXVariantGroup section */

/* Begin XCBuildConfiguration section */
		3E9C29BE1869CAD700E7F5E5 /* Debug */ = {
			isa = XCBuildConfiguration;
			buildSettings = {
				ALWAYS_SEARCH_USER_PATHS = NO;
				ARCHS = "$(ARCHS_STANDARD_INCLUDING_64_BIT)";
				CLANG_CXX_LANGUAGE_STANDARD = "gnu++0x";
				CLANG_CXX_LIBRARY = "libc++";
				CLANG_ENABLE_MODULES = YES;
				CLANG_ENABLE_OBJC_ARC = YES;
				CLANG_WARN_BOOL_CONVERSION = YES;
				CLANG_WARN_CONSTANT_CONVERSION = YES;
				CLANG_WARN_DIRECT_OBJC_ISA_USAGE = YES_ERROR;
				CLANG_WARN_EMPTY_BODY = YES;
				CLANG_WARN_ENUM_CONVERSION = YES;
				CLANG_WARN_INT_CONVERSION = YES;
				CLANG_WARN_OBJC_ROOT_CLASS = YES_ERROR;
				CLANG_WARN__DUPLICATE_METHOD_MATCH = YES;
				"CODE_SIGN_IDENTITY[sdk=iphoneos*]" = "iPhone Developer";
				COPY_PHASE_STRIP = NO;
				GCC_C_LANGUAGE_STANDARD = gnu99;
				GCC_DYNAMIC_NO_PIC = NO;
				GCC_OPTIMIZATION_LEVEL = 0;
				GCC_PREPROCESSOR_DEFINITIONS = (
					"DEBUG=1",
					"$(inherited)",
				);
				GCC_SYMBOLS_PRIVATE_EXTERN = NO;
				GCC_WARN_64_TO_32_BIT_CONVERSION = YES;
				GCC_WARN_ABOUT_RETURN_TYPE = YES_ERROR;
				GCC_WARN_UNDECLARED_SELECTOR = YES;
				GCC_WARN_UNINITIALIZED_AUTOS = YES;
				GCC_WARN_UNUSED_FUNCTION = YES;
				GCC_WARN_UNUSED_VARIABLE = YES;
				IPHONEOS_DEPLOYMENT_TARGET = 7.0;
				ONLY_ACTIVE_ARCH = YES;
				SDKROOT = iphoneos;
			};
			name = Debug;
		};
		3E9C29BF1869CAD700E7F5E5 /* Release */ = {
			isa = XCBuildConfiguration;
			buildSettings = {
				ALWAYS_SEARCH_USER_PATHS = NO;
				ARCHS = "$(ARCHS_STANDARD_INCLUDING_64_BIT)";
				CLANG_CXX_LANGUAGE_STANDARD = "gnu++0x";
				CLANG_CXX_LIBRARY = "libc++";
				CLANG_ENABLE_MODULES = YES;
				CLANG_ENABLE_OBJC_ARC = YES;
				CLANG_WARN_BOOL_CONVERSION = YES;
				CLANG_WARN_CONSTANT_CONVERSION = YES;
				CLANG_WARN_DIRECT_OBJC_ISA_USAGE = YES_ERROR;
				CLANG_WARN_EMPTY_BODY = YES;
				CLANG_WARN_ENUM_CONVERSION = YES;
				CLANG_WARN_INT_CONVERSION = YES;
				CLANG_WARN_OBJC_ROOT_CLASS = YES_ERROR;
				CLANG_WARN__DUPLICATE_METHOD_MATCH = YES;
				"CODE_SIGN_IDENTITY[sdk=iphoneos*]" = "iPhone Developer";
				COPY_PHASE_STRIP = YES;
				ENABLE_NS_ASSERTIONS = NO;
				GCC_C_LANGUAGE_STANDARD = gnu99;
				GCC_WARN_64_TO_32_BIT_CONVERSION = YES;
				GCC_WARN_ABOUT_RETURN_TYPE = YES_ERROR;
				GCC_WARN_UNDECLARED_SELECTOR = YES;
				GCC_WARN_UNINITIALIZED_AUTOS = YES;
				GCC_WARN_UNUSED_FUNCTION = YES;
				GCC_WARN_UNUSED_VARIABLE = YES;
				IPHONEOS_DEPLOYMENT_TARGET = 7.0;
				SDKROOT = iphoneos;
				VALIDATE_PRODUCT = YES;
			};
			name = Release;
		};
		3E9C29C11869CAD700E7F5E5 /* Debug */ = {
			isa = XCBuildConfiguration;
			buildSettings = {
				ASSETCATALOG_COMPILER_LAUNCHIMAGE_NAME = LaunchImage;
				GCC_PRECOMPILE_PREFIX_HEADER = YES;
				GCC_PREFIX_HEADER = "AMSlideMenu/AMSlideMenu-Prefix.pch";
				INFOPLIST_FILE = "AMSlideMenu/AMSlideMenu-Info.plist";
				IPHONEOS_DEPLOYMENT_TARGET = 6.0;
				PRODUCT_NAME = "$(TARGET_NAME)";
				TARGETED_DEVICE_FAMILY = "1,2";
				WRAPPER_EXTENSION = app;
			};
			name = Debug;
		};
		3E9C29C21869CAD700E7F5E5 /* Release */ = {
			isa = XCBuildConfiguration;
			buildSettings = {
				ASSETCATALOG_COMPILER_LAUNCHIMAGE_NAME = LaunchImage;
				GCC_PRECOMPILE_PREFIX_HEADER = YES;
				GCC_PREFIX_HEADER = "AMSlideMenu/AMSlideMenu-Prefix.pch";
				INFOPLIST_FILE = "AMSlideMenu/AMSlideMenu-Info.plist";
				IPHONEOS_DEPLOYMENT_TARGET = 6.0;
				PRODUCT_NAME = "$(TARGET_NAME)";
				TARGETED_DEVICE_FAMILY = "1,2";
				WRAPPER_EXTENSION = app;
			};
			name = Release;
		};
		3E9C29C41869CAD700E7F5E5 /* Debug */ = {
			isa = XCBuildConfiguration;
			buildSettings = {
				ARCHS = "$(ARCHS_STANDARD_INCLUDING_64_BIT)";
				BUNDLE_LOADER = "$(BUILT_PRODUCTS_DIR)/AMSlideMenu.app/AMSlideMenu";
				FRAMEWORK_SEARCH_PATHS = (
					"$(SDKROOT)/Developer/Library/Frameworks",
					"$(inherited)",
					"$(DEVELOPER_FRAMEWORKS_DIR)",
				);
				GCC_PRECOMPILE_PREFIX_HEADER = YES;
				GCC_PREFIX_HEADER = "AMSlideMenu/AMSlideMenu-Prefix.pch";
				GCC_PREPROCESSOR_DEFINITIONS = (
					"DEBUG=1",
					"$(inherited)",
				);
				INFOPLIST_FILE = "AMSlideMenuTests/AMSlideMenuTests-Info.plist";
				PRODUCT_NAME = "$(TARGET_NAME)";
				TEST_HOST = "$(BUNDLE_LOADER)";
				WRAPPER_EXTENSION = xctest;
			};
			name = Debug;
		};
		3E9C29C51869CAD700E7F5E5 /* Release */ = {
			isa = XCBuildConfiguration;
			buildSettings = {
				ARCHS = "$(ARCHS_STANDARD_INCLUDING_64_BIT)";
				BUNDLE_LOADER = "$(BUILT_PRODUCTS_DIR)/AMSlideMenu.app/AMSlideMenu";
				FRAMEWORK_SEARCH_PATHS = (
					"$(SDKROOT)/Developer/Library/Frameworks",
					"$(inherited)",
					"$(DEVELOPER_FRAMEWORKS_DIR)",
				);
				GCC_PRECOMPILE_PREFIX_HEADER = YES;
				GCC_PREFIX_HEADER = "AMSlideMenu/AMSlideMenu-Prefix.pch";
				INFOPLIST_FILE = "AMSlideMenuTests/AMSlideMenuTests-Info.plist";
				PRODUCT_NAME = "$(TARGET_NAME)";
				TEST_HOST = "$(BUNDLE_LOADER)";
				WRAPPER_EXTENSION = xctest;
			};
			name = Release;
		};
/* End XCBuildConfiguration section */

/* Begin XCConfigurationList section */
		3E9C29891869CAD700E7F5E5 /* Build configuration list for PBXProject "AMSlideMenu" */ = {
			isa = XCConfigurationList;
			buildConfigurations = (
				3E9C29BE1869CAD700E7F5E5 /* Debug */,
				3E9C29BF1869CAD700E7F5E5 /* Release */,
			);
			defaultConfigurationIsVisible = 0;
			defaultConfigurationName = Release;
		};
		3E9C29C01869CAD700E7F5E5 /* Build configuration list for PBXNativeTarget "AMSlideMenu" */ = {
			isa = XCConfigurationList;
			buildConfigurations = (
				3E9C29C11869CAD700E7F5E5 /* Debug */,
				3E9C29C21869CAD700E7F5E5 /* Release */,
			);
			defaultConfigurationIsVisible = 0;
			defaultConfigurationName = Release;
		};
		3E9C29C31869CAD700E7F5E5 /* Build configuration list for PBXNativeTarget "AMSlideMenuTests" */ = {
			isa = XCConfigurationList;
			buildConfigurations = (
				3E9C29C41869CAD700E7F5E5 /* Debug */,
				3E9C29C51869CAD700E7F5E5 /* Release */,
			);
			defaultConfigurationIsVisible = 0;
			defaultConfigurationName = Release;
		};
/* End XCConfigurationList section */
	};
	rootObject = 3E9C29861869CAD700E7F5E5 /* Project object */;
}
